
Microsoft Visual Studio Solution File, Format Version 12.00
# Visual Studio Version 17
VisualStudioVersion = 17.1.32328.378
MinimumVisualStudioVersion = 10.0.40219.1
Project("{9A19103F-16F7-4668-BE54-9A1E7A4F7556}") = "ConsoleApp1", "ConsoleApp1\ConsoleApp1.csproj", "{61B8C00C-3E47-4B9E-8607-A50DCA920FF7}"
EndProject
Project("{9A19103F-16F7-4668-BE54-9A1E7A4F7556}") = "WinFormsApp1", "WinFormsApp1\WinFormsApp1.csproj", "{6066E454-DFE5-464D-B9D3-D2A4CC891C8A}"
EndProject
Project("{9A19103F-16F7-4668-BE54-9A1E7A4F7556}") = "Equality", "Equality\Equality.csproj", "{2E4302AA-9673-4695-BD02-ABF1D45557BA}"
EndProject
Project("{9A19103F-16F7-4668-BE54-9A1E7A4F7556}") = "BuildingStrings", "BuildingStrings\BuildingStrings.csproj", "{E5C45162-50AC-473E-A35B-1B173E2D39A3}"
EndProject
Global
	GlobalSection(SolutionConfigurationPlatforms) = preSolution
		Debug|Any CPU = Debug|Any CPU
		Release|Any CPU = Release|Any CPU
	EndGlobalSection
	GlobalSection(ProjectConfigurationPlatforms) = postSolution
		{61B8C00C-3E47-4B9E-8607-A50DCA920FF7}.Debug|Any CPU.ActiveCfg = Debug|Any CPU
		{61B8C00C-3E47-4B9E-8607-A50DCA920FF7}.Debug|Any CPU.Build.0 = Debug|Any CPU
		{61B8C00C-3E47-4B9E-8607-A50DCA920FF7}.Release|Any CPU.ActiveCfg = Release|Any CPU
		{61B8C00C-3E47-4B9E-8607-A50DCA920FF7}.Release|Any CPU.Build.0 = Release|Any CPU
		{6066E454-DFE5-464D-B9D3-D2A4CC891C8A}.Debug|Any CPU.ActiveCfg = Debug|Any CPU
		{6066E454-DFE5-464D-B9D3-D2A4CC891C8A}.Debug|Any CPU.Build.0 = Debug|Any CPU
		{6066E454-DFE5-464D-B9D3-D2A4CC891C8A}.Release|Any CPU.ActiveCfg = Release|Any CPU
		{6066E454-DFE5-464D-B9D3-D2A4CC891C8A}.Release|Any CPU.Build.0 = Release|Any CPU
		{2E4302AA-9673-4695-BD02-ABF1D45557BA}.Debug|Any CPU.ActiveCfg = Debug|Any CPU
		{2E4302AA-9673-4695-BD02-ABF1D45557BA}.Debug|Any CPU.Build.0 = Debug|Any CPU
		{2E4302AA-9673-4695-BD02-ABF1D45557BA}.Release|Any CPU.ActiveCfg = Release|Any CPU
		{2E4302AA-9673-4695-BD02-ABF1D45557BA}.Release|Any CPU.Build.0 = Release|Any CPU
		{E5C45162-50AC-473E-A35B-1B173E2D39A3}.Debug|Any CPU.ActiveCfg = Debug|Any CPU
		{E5C45162-50AC-473E-A35B-1B173E2D39A3}.Debug|Any CPU.Build.0 = Debug|Any CPU
		{E5C45162-50AC-473E-A35B-1B173E2D39A3}.Release|Any CPU.ActiveCfg = Release|Any CPU
		{E5C45162-50AC-473E-A35B-1B173E2D39A3}.Release|Any CPU.Build.0 = Release|Any CPU
	EndGlobalSection
	GlobalSection(SolutionProperties) = preSolution
		HideSolutionNode = FALSE
	EndGlobalSection
	GlobalSection(ExtensibilityGlobals) = postSolution
		SolutionGuid = {C070B519-BE6A-4149-98E0-4D2EF657D8BA}
	EndGlobalSection
EndGlobal
