
Microsoft Visual Studio Solution File, Format Version 12.00
# Visual Studio Version 17
VisualStudioVersion = 17.1.32328.378
MinimumVisualStudioVersion = 10.0.40219.1
Project("{9A19103F-16F7-4668-BE54-9A1E7A4F7556}") = "GoodPractices", "GoodPractices\GoodPractices.csproj", "{C42D9964-117F-4A01-82FF-816D3AF77383}"
EndProject
Project("{FAE04EC0-301F-11D3-BF4B-00C04F79EFBC}") = "Principles", "Principles\Principles.csproj", "{8AD427DD-2441-434F-99CB-074D8D4A2854}"
EndProject
Global
	GlobalSection(SolutionConfigurationPlatforms) = preSolution
		Debug|Any CPU = Debug|Any CPU
		Release|Any CPU = Release|Any CPU
	EndGlobalSection
	GlobalSection(ProjectConfigurationPlatforms) = postSolution
		{C42D9964-117F-4A01-82FF-816D3AF77383}.Debug|Any CPU.ActiveCfg = Debug|Any CPU
		{C42D9964-117F-4A01-82FF-816D3AF77383}.Debug|Any CPU.Build.0 = Debug|Any CPU
		{C42D9964-117F-4A01-82FF-816D3AF77383}.Release|Any CPU.ActiveCfg = Release|Any CPU
		{C42D9964-117F-4A01-82FF-816D3AF77383}.Release|Any CPU.Build.0 = Release|Any CPU
		{8AD427DD-2441-434F-99CB-074D8D4A2854}.Debug|Any CPU.ActiveCfg = Debug|Any CPU
		{8AD427DD-2441-434F-99CB-074D8D4A2854}.Debug|Any CPU.Build.0 = Debug|Any CPU
		{8AD427DD-2441-434F-99CB-074D8D4A2854}.Release|Any CPU.ActiveCfg = Release|Any CPU
		{8AD427DD-2441-434F-99CB-074D8D4A2854}.Release|Any CPU.Build.0 = Release|Any CPU
	EndGlobalSection
	GlobalSection(SolutionProperties) = preSolution
		HideSolutionNode = FALSE
	EndGlobalSection
	GlobalSection(ExtensibilityGlobals) = postSolution
		SolutionGuid = {FFC4AD7E-70B0-47DD-B99B-4EE5443A2E71}
	EndGlobalSection
EndGlobal
