
Microsoft Visual Studio Solution File, Format Version 12.00
# Visual Studio Version 17
VisualStudioVersion = 17.1.32328.378
MinimumVisualStudioVersion = 10.0.40219.1
Project("{FAE04EC0-301F-11D3-BF4B-00C04F79EFBC}") = "CSharp-Advanced-G3-L3-Generics", "CSharp-Advanced-G3-L3-Generics\CSharp-Advanced-G3-L3-Generics.csproj", "{D1DA728B-4ECD-4ACF-BD43-CDAE3CB02E0F}"
EndProject
Global
	GlobalSection(SolutionConfigurationPlatforms) = preSolution
		Debug|Any CPU = Debug|Any CPU
		Release|Any CPU = Release|Any CPU
	EndGlobalSection
	GlobalSection(ProjectConfigurationPlatforms) = postSolution
		{D1DA728B-4ECD-4ACF-BD43-CDAE3CB02E0F}.Debug|Any CPU.ActiveCfg = Debug|Any CPU
		{D1DA728B-4ECD-4ACF-BD43-CDAE3CB02E0F}.Debug|Any CPU.Build.0 = Debug|Any CPU
		{D1DA728B-4ECD-4ACF-BD43-CDAE3CB02E0F}.Release|Any CPU.ActiveCfg = Release|Any CPU
		{D1DA728B-4ECD-4ACF-BD43-CDAE3CB02E0F}.Release|Any CPU.Build.0 = Release|Any CPU
	EndGlobalSection
	GlobalSection(SolutionProperties) = preSolution
		HideSolutionNode = FALSE
	EndGlobalSection
	GlobalSection(ExtensibilityGlobals) = postSolution
		SolutionGuid = {1725572E-D7F7-499C-9474-C19A5EC85697}
	EndGlobalSection
EndGlobal
