
Microsoft Visual Studio Solution File, Format Version 12.00
# Visual Studio Version 17
VisualStudioVersion = 17.1.32328.378
MinimumVisualStudioVersion = 10.0.40219.1
Project("{9A19103F-16F7-4668-BE54-9A1E7A4F7556}") = "TextHelper", "TextHelper\TextHelper.csproj", "{1571D6C5-BA3F-4FC5-A4C8-89AAC5EC3FBC}"
EndProject
Project("{9A19103F-16F7-4668-BE54-9A1E7A4F7556}") = "Repository", "Repository\Repository.csproj", "{4000754C-B5DB-4B09-BF36-8FBE549891E6}"
EndProject
Project("{9A19103F-16F7-4668-BE54-9A1E7A4F7556}") = "Pets", "Pets\Pets.csproj", "{166461D6-5FAD-4268-8089-2465E1A0608C}"
EndProject
Global
	GlobalSection(SolutionConfigurationPlatforms) = preSolution
		Debug|Any CPU = Debug|Any CPU
		Release|Any CPU = Release|Any CPU
	EndGlobalSection
	GlobalSection(ProjectConfigurationPlatforms) = postSolution
		{1571D6C5-BA3F-4FC5-A4C8-89AAC5EC3FBC}.Debug|Any CPU.ActiveCfg = Debug|Any CPU
		{1571D6C5-BA3F-4FC5-A4C8-89AAC5EC3FBC}.Debug|Any CPU.Build.0 = Debug|Any CPU
		{1571D6C5-BA3F-4FC5-A4C8-89AAC5EC3FBC}.Release|Any CPU.ActiveCfg = Release|Any CPU
		{1571D6C5-BA3F-4FC5-A4C8-89AAC5EC3FBC}.Release|Any CPU.Build.0 = Release|Any CPU
		{4000754C-B5DB-4B09-BF36-8FBE549891E6}.Debug|Any CPU.ActiveCfg = Debug|Any CPU
		{4000754C-B5DB-4B09-BF36-8FBE549891E6}.Debug|Any CPU.Build.0 = Debug|Any CPU
		{4000754C-B5DB-4B09-BF36-8FBE549891E6}.Release|Any CPU.ActiveCfg = Release|Any CPU
		{4000754C-B5DB-4B09-BF36-8FBE549891E6}.Release|Any CPU.Build.0 = Release|Any CPU
		{166461D6-5FAD-4268-8089-2465E1A0608C}.Debug|Any CPU.ActiveCfg = Debug|Any CPU
		{166461D6-5FAD-4268-8089-2465E1A0608C}.Debug|Any CPU.Build.0 = Debug|Any CPU
		{166461D6-5FAD-4268-8089-2465E1A0608C}.Release|Any CPU.ActiveCfg = Release|Any CPU
		{166461D6-5FAD-4268-8089-2465E1A0608C}.Release|Any CPU.Build.0 = Release|Any CPU
	EndGlobalSection
	GlobalSection(SolutionProperties) = preSolution
		HideSolutionNode = FALSE
	EndGlobalSection
	GlobalSection(ExtensibilityGlobals) = postSolution
		SolutionGuid = {96106CA1-69BD-4961-B352-0E2E4BB0B45C}
	EndGlobalSection
EndGlobal
