
Microsoft Visual Studio Solution File, Format Version 12.00
# Visual Studio Version 17
VisualStudioVersion = 17.1.32328.378
MinimumVisualStudioVersion = 10.0.40219.1
Project("{FAE04EC0-301F-11D3-BF4B-00C04F79EFBC}") = "FuncAndAction", "FuncAndAction\FuncAndAction.csproj", "{1A4A2E39-F83F-4778-8852-6A886C31AB81}"
EndProject
Project("{FAE04EC0-301F-11D3-BF4B-00C04F79EFBC}") = "AdvancedLinq", "AdvancedLinq\AdvancedLinq.csproj", "{2B9F9A6E-11F1-418B-AA51-84ACBBCF6A1C}"
EndProject
Global
	GlobalSection(SolutionConfigurationPlatforms) = preSolution
		Debug|Any CPU = Debug|Any CPU
		Release|Any CPU = Release|Any CPU
	EndGlobalSection
	GlobalSection(ProjectConfigurationPlatforms) = postSolution
		{1A4A2E39-F83F-4778-8852-6A886C31AB81}.Debug|Any CPU.ActiveCfg = Debug|Any CPU
		{1A4A2E39-F83F-4778-8852-6A886C31AB81}.Debug|Any CPU.Build.0 = Debug|Any CPU
		{1A4A2E39-F83F-4778-8852-6A886C31AB81}.Release|Any CPU.ActiveCfg = Release|Any CPU
		{1A4A2E39-F83F-4778-8852-6A886C31AB81}.Release|Any CPU.Build.0 = Release|Any CPU
		{2B9F9A6E-11F1-418B-AA51-84ACBBCF6A1C}.Debug|Any CPU.ActiveCfg = Debug|Any CPU
		{2B9F9A6E-11F1-418B-AA51-84ACBBCF6A1C}.Debug|Any CPU.Build.0 = Debug|Any CPU
		{2B9F9A6E-11F1-418B-AA51-84ACBBCF6A1C}.Release|Any CPU.ActiveCfg = Release|Any CPU
		{2B9F9A6E-11F1-418B-AA51-84ACBBCF6A1C}.Release|Any CPU.Build.0 = Release|Any CPU
	EndGlobalSection
	GlobalSection(SolutionProperties) = preSolution
		HideSolutionNode = FALSE
	EndGlobalSection
	GlobalSection(ExtensibilityGlobals) = postSolution
		SolutionGuid = {23F549AF-6DBA-4CE4-9A52-00AC82F155DF}
	EndGlobalSection
EndGlobal
