
Microsoft Visual Studio Solution File, Format Version 12.00
# Visual Studio Version 17
VisualStudioVersion = 17.1.32328.378
MinimumVisualStudioVersion = 10.0.40219.1
Project("{FAE04EC0-301F-11D3-BF4B-00C04F79EFBC}") = "FileSystem", "FileSystem\FileSystem.csproj", "{1D303839-ECAF-4A06-86D7-F4DE2BC5F9ED}"
EndProject
Project("{FAE04EC0-301F-11D3-BF4B-00C04F79EFBC}") = "FileStreams", "FileStreams\FileStreams.csproj", "{8F64FC62-4A1E-4366-A8D7-2686EB611860}"
EndProject
Project("{FAE04EC0-301F-11D3-BF4B-00C04F79EFBC}") = "LoggerExample", "LoggerExample\LoggerExample.csproj", "{36206E72-7698-4C1D-A64D-9E8B18F1EC56}"
EndProject
Global
	GlobalSection(SolutionConfigurationPlatforms) = preSolution
		Debug|Any CPU = Debug|Any CPU
		Release|Any CPU = Release|Any CPU
	EndGlobalSection
	GlobalSection(ProjectConfigurationPlatforms) = postSolution
		{1D303839-ECAF-4A06-86D7-F4DE2BC5F9ED}.Debug|Any CPU.ActiveCfg = Debug|Any CPU
		{1D303839-ECAF-4A06-86D7-F4DE2BC5F9ED}.Debug|Any CPU.Build.0 = Debug|Any CPU
		{1D303839-ECAF-4A06-86D7-F4DE2BC5F9ED}.Release|Any CPU.ActiveCfg = Release|Any CPU
		{1D303839-ECAF-4A06-86D7-F4DE2BC5F9ED}.Release|Any CPU.Build.0 = Release|Any CPU
		{8F64FC62-4A1E-4366-A8D7-2686EB611860}.Debug|Any CPU.ActiveCfg = Debug|Any CPU
		{8F64FC62-4A1E-4366-A8D7-2686EB611860}.Debug|Any CPU.Build.0 = Debug|Any CPU
		{8F64FC62-4A1E-4366-A8D7-2686EB611860}.Release|Any CPU.ActiveCfg = Release|Any CPU
		{8F64FC62-4A1E-4366-A8D7-2686EB611860}.Release|Any CPU.Build.0 = Release|Any CPU
		{36206E72-7698-4C1D-A64D-9E8B18F1EC56}.Debug|Any CPU.ActiveCfg = Debug|Any CPU
		{36206E72-7698-4C1D-A64D-9E8B18F1EC56}.Debug|Any CPU.Build.0 = Debug|Any CPU
		{36206E72-7698-4C1D-A64D-9E8B18F1EC56}.Release|Any CPU.ActiveCfg = Release|Any CPU
		{36206E72-7698-4C1D-A64D-9E8B18F1EC56}.Release|Any CPU.Build.0 = Release|Any CPU
	EndGlobalSection
	GlobalSection(SolutionProperties) = preSolution
		HideSolutionNode = FALSE
	EndGlobalSection
	GlobalSection(ExtensibilityGlobals) = postSolution
		SolutionGuid = {8885D84A-A564-4731-89F7-625844AB913A}
	EndGlobalSection
EndGlobal
