
Microsoft Visual Studio Solution File, Format Version 12.00
# Visual Studio Version 17
VisualStudioVersion = 17.1.32328.378
MinimumVisualStudioVersion = 10.0.40219.1
Project("{9A19103F-16F7-4668-BE54-9A1E7A4F7556}") = "Delegates", "Delegates\Delegates.csproj", "{438BBCE5-1A19-41B9-ACE2-6341038D994E}"
EndProject
Project("{FAE04EC0-301F-11D3-BF4B-00C04F79EFBC}") = "SubscriptionModelWithEvents", "SubscriptionModelWithEvents\SubscriptionModelWithEvents.csproj", "{C2BD1B29-886F-40EB-8F04-22EEA99C9343}"
EndProject
Global
	GlobalSection(SolutionConfigurationPlatforms) = preSolution
		Debug|Any CPU = Debug|Any CPU
		Release|Any CPU = Release|Any CPU
	EndGlobalSection
	GlobalSection(ProjectConfigurationPlatforms) = postSolution
		{438BBCE5-1A19-41B9-ACE2-6341038D994E}.Debug|Any CPU.ActiveCfg = Debug|Any CPU
		{438BBCE5-1A19-41B9-ACE2-6341038D994E}.Debug|Any CPU.Build.0 = Debug|Any CPU
		{438BBCE5-1A19-41B9-ACE2-6341038D994E}.Release|Any CPU.ActiveCfg = Release|Any CPU
		{438BBCE5-1A19-41B9-ACE2-6341038D994E}.Release|Any CPU.Build.0 = Release|Any CPU
		{C2BD1B29-886F-40EB-8F04-22EEA99C9343}.Debug|Any CPU.ActiveCfg = Debug|Any CPU
		{C2BD1B29-886F-40EB-8F04-22EEA99C9343}.Debug|Any CPU.Build.0 = Debug|Any CPU
		{C2BD1B29-886F-40EB-8F04-22EEA99C9343}.Release|Any CPU.ActiveCfg = Release|Any CPU
		{C2BD1B29-886F-40EB-8F04-22EEA99C9343}.Release|Any CPU.Build.0 = Release|Any CPU
	EndGlobalSection
	GlobalSection(SolutionProperties) = preSolution
		HideSolutionNode = FALSE
	EndGlobalSection
	GlobalSection(ExtensibilityGlobals) = postSolution
		SolutionGuid = {EBE9BD3E-E9A1-4595-BE3A-9F8F1C974BD6}
	EndGlobalSection
EndGlobal
