
Microsoft Visual Studio Solution File, Format Version 12.00
# Visual Studio Version 17
VisualStudioVersion = 17.1.32328.378
MinimumVisualStudioVersion = 10.0.40219.1
Project("{FAE04EC0-301F-11D3-BF4B-00C04F79EFBC}") = "Class04.Workshop", "Class04.Workshop\Class04.Workshop.csproj", "{93296C5E-118A-41F3-8D92-9D392B468F5E}"
EndProject
Global
	GlobalSection(SolutionConfigurationPlatforms) = preSolution
		Debug|Any CPU = Debug|Any CPU
		Release|Any CPU = Release|Any CPU
	EndGlobalSection
	GlobalSection(ProjectConfigurationPlatforms) = postSolution
		{93296C5E-118A-41F3-8D92-9D392B468F5E}.Debug|Any CPU.ActiveCfg = Debug|Any CPU
		{93296C5E-118A-41F3-8D92-9D392B468F5E}.Debug|Any CPU.Build.0 = Debug|Any CPU
		{93296C5E-118A-41F3-8D92-9D392B468F5E}.Release|Any CPU.ActiveCfg = Release|Any CPU
		{93296C5E-118A-41F3-8D92-9D392B468F5E}.Release|Any CPU.Build.0 = Release|Any CPU
	EndGlobalSection
	GlobalSection(SolutionProperties) = preSolution
		HideSolutionNode = FALSE
	EndGlobalSection
	GlobalSection(ExtensibilityGlobals) = postSolution
		SolutionGuid = {714A8766-BCA2-45E4-81D2-BBAEBDFDFDA8}
	EndGlobalSection
EndGlobal
