
Microsoft Visual Studio Solution File, Format Version 12.00
# Visual Studio Version 17
VisualStudioVersion = 17.1.32328.378
MinimumVisualStudioVersion = 10.0.40219.1
Project("{FAE04EC0-301F-11D3-BF4B-00C04F79EFBC}") = "Humans", "Humans\Humans.csproj", "{DAB363F2-373A-4064-BED6-A178CC197B02}"
EndProject
Global
	GlobalSection(SolutionConfigurationPlatforms) = preSolution
		Debug|Any CPU = Debug|Any CPU
		Release|Any CPU = Release|Any CPU
	EndGlobalSection
	GlobalSection(ProjectConfigurationPlatforms) = postSolution
		{DAB363F2-373A-4064-BED6-A178CC197B02}.Debug|Any CPU.ActiveCfg = Debug|Any CPU
		{DAB363F2-373A-4064-BED6-A178CC197B02}.Debug|Any CPU.Build.0 = Debug|Any CPU
		{DAB363F2-373A-4064-BED6-A178CC197B02}.Release|Any CPU.ActiveCfg = Release|Any CPU
		{DAB363F2-373A-4064-BED6-A178CC197B02}.Release|Any CPU.Build.0 = Release|Any CPU
	EndGlobalSection
	GlobalSection(SolutionProperties) = preSolution
		HideSolutionNode = FALSE
	EndGlobalSection
	GlobalSection(ExtensibilityGlobals) = postSolution
		SolutionGuid = {33506F8D-BAD2-45D1-A9F1-35190325EBD5}
	EndGlobalSection
EndGlobal
