
Microsoft Visual Studio Solution File, Format Version 12.00
# Visual Studio Version 17
VisualStudioVersion = 17.1.32328.378
MinimumVisualStudioVersion = 10.0.40219.1
Project("{FAE04EC0-301F-11D3-BF4B-00C04F79EFBC}") = "Class02.Demo", "Class02.Demo\Class02.Demo.csproj", "{2BF47A61-5B06-4D82-B0CC-CDE0FAA32A08}"
EndProject
Global
	GlobalSection(SolutionConfigurationPlatforms) = preSolution
		Debug|Any CPU = Debug|Any CPU
		Release|Any CPU = Release|Any CPU
	EndGlobalSection
	GlobalSection(ProjectConfigurationPlatforms) = postSolution
		{2BF47A61-5B06-4D82-B0CC-CDE0FAA32A08}.Debug|Any CPU.ActiveCfg = Debug|Any CPU
		{2BF47A61-5B06-4D82-B0CC-CDE0FAA32A08}.Debug|Any CPU.Build.0 = Debug|Any CPU
		{2BF47A61-5B06-4D82-B0CC-CDE0FAA32A08}.Release|Any CPU.ActiveCfg = Release|Any CPU
		{2BF47A61-5B06-4D82-B0CC-CDE0FAA32A08}.Release|Any CPU.Build.0 = Release|Any CPU
	EndGlobalSection
	GlobalSection(SolutionProperties) = preSolution
		HideSolutionNode = FALSE
	EndGlobalSection
	GlobalSection(ExtensibilityGlobals) = postSolution
		SolutionGuid = {7D2F2DA5-DDEF-467D-A20C-54D5EA6DFE29}
	EndGlobalSection
EndGlobal
