
Microsoft Visual Studio Solution File, Format Version 12.00
# Visual Studio Version 17
VisualStudioVersion = 17.1.32328.378
MinimumVisualStudioVersion = 10.0.40219.1
Project("{FAE04EC0-301F-11D3-BF4B-00C04F79EFBC}") = "CSharpAdvanced-G3-L6-Delegates", "CSharpAdvanced-G3-L6-Delegates\CSharpAdvanced-G3-L6-Delegates.csproj", "{D4061994-F83F-4DB8-8920-DF088490AA73}"
EndProject
Project("{FAE04EC0-301F-11D3-BF4B-00C04F79EFBC}") = "CSharpAdvanced-G3-L6-Events", "CSharpAdvanced-G3-L6-Events\CSharpAdvanced-G3-L6-Events.csproj", "{88CDEC5D-E3A4-411F-89C5-45D09C03DE8C}"
EndProject
Project("{FAE04EC0-301F-11D3-BF4B-00C04F79EFBC}") = "CSharpAdvanced-G3-L6-WinForms", "CSharpAdvanced-G3-L6-WinForms\CSharpAdvanced-G3-L6-WinForms.csproj", "{9038606D-49A7-4C9C-A7F3-86D12ABF6119}"
EndProject
Global
	GlobalSection(SolutionConfigurationPlatforms) = preSolution
		Debug|Any CPU = Debug|Any CPU
		Release|Any CPU = Release|Any CPU
	EndGlobalSection
	GlobalSection(ProjectConfigurationPlatforms) = postSolution
		{D4061994-F83F-4DB8-8920-DF088490AA73}.Debug|Any CPU.ActiveCfg = Debug|Any CPU
		{D4061994-F83F-4DB8-8920-DF088490AA73}.Debug|Any CPU.Build.0 = Debug|Any CPU
		{D4061994-F83F-4DB8-8920-DF088490AA73}.Release|Any CPU.ActiveCfg = Release|Any CPU
		{D4061994-F83F-4DB8-8920-DF088490AA73}.Release|Any CPU.Build.0 = Release|Any CPU
		{88CDEC5D-E3A4-411F-89C5-45D09C03DE8C}.Debug|Any CPU.ActiveCfg = Debug|Any CPU
		{88CDEC5D-E3A4-411F-89C5-45D09C03DE8C}.Debug|Any CPU.Build.0 = Debug|Any CPU
		{88CDEC5D-E3A4-411F-89C5-45D09C03DE8C}.Release|Any CPU.ActiveCfg = Release|Any CPU
		{88CDEC5D-E3A4-411F-89C5-45D09C03DE8C}.Release|Any CPU.Build.0 = Release|Any CPU
		{9038606D-49A7-4C9C-A7F3-86D12ABF6119}.Debug|Any CPU.ActiveCfg = Debug|Any CPU
		{9038606D-49A7-4C9C-A7F3-86D12ABF6119}.Debug|Any CPU.Build.0 = Debug|Any CPU
		{9038606D-49A7-4C9C-A7F3-86D12ABF6119}.Release|Any CPU.ActiveCfg = Release|Any CPU
		{9038606D-49A7-4C9C-A7F3-86D12ABF6119}.Release|Any CPU.Build.0 = Release|Any CPU
	EndGlobalSection
	GlobalSection(SolutionProperties) = preSolution
		HideSolutionNode = FALSE
	EndGlobalSection
	GlobalSection(ExtensibilityGlobals) = postSolution
		SolutionGuid = {D117A971-F536-4D99-8C1C-8A474FB99220}
	EndGlobalSection
EndGlobal
