
Microsoft Visual Studio Solution File, Format Version 12.00
# Visual Studio Version 16
VisualStudioVersion = 16.0.31105.61
MinimumVisualStudioVersion = 10.0.40219.1
Project("{FAE04EC0-301F-11D3-BF4B-00C04F79EFBC}") = "Delegates", "Delegates\Delegates.csproj", "{017C5193-D14A-435C-8E55-A72B1BA7FEC1}"
EndProject
Project("{FAE04EC0-301F-11D3-BF4B-00C04F79EFBC}") = "PublishSubscribe", "PublishSubscribe\PublishSubscribe.csproj", "{63F7928C-7A65-4EB7-BF11-8231EFEE22A0}"
EndProject
Project("{FAE04EC0-301F-11D3-BF4B-00C04F79EFBC}") = "ParrotBots", "ParrotBots\ParrotBots.csproj", "{EDF703CC-07F4-47A0-A9B3-90526DC345C3}"
EndProject
Global
	GlobalSection(SolutionConfigurationPlatforms) = preSolution
		Debug|Any CPU = Debug|Any CPU
		Release|Any CPU = Release|Any CPU
	EndGlobalSection
	GlobalSection(ProjectConfigurationPlatforms) = postSolution
		{017C5193-D14A-435C-8E55-A72B1BA7FEC1}.Debug|Any CPU.ActiveCfg = Debug|Any CPU
		{017C5193-D14A-435C-8E55-A72B1BA7FEC1}.Debug|Any CPU.Build.0 = Debug|Any CPU
		{017C5193-D14A-435C-8E55-A72B1BA7FEC1}.Release|Any CPU.ActiveCfg = Release|Any CPU
		{017C5193-D14A-435C-8E55-A72B1BA7FEC1}.Release|Any CPU.Build.0 = Release|Any CPU
		{63F7928C-7A65-4EB7-BF11-8231EFEE22A0}.Debug|Any CPU.ActiveCfg = Debug|Any CPU
		{63F7928C-7A65-4EB7-BF11-8231EFEE22A0}.Debug|Any CPU.Build.0 = Debug|Any CPU
		{63F7928C-7A65-4EB7-BF11-8231EFEE22A0}.Release|Any CPU.ActiveCfg = Release|Any CPU
		{63F7928C-7A65-4EB7-BF11-8231EFEE22A0}.Release|Any CPU.Build.0 = Release|Any CPU
		{EDF703CC-07F4-47A0-A9B3-90526DC345C3}.Debug|Any CPU.ActiveCfg = Debug|Any CPU
		{EDF703CC-07F4-47A0-A9B3-90526DC345C3}.Debug|Any CPU.Build.0 = Debug|Any CPU
		{EDF703CC-07F4-47A0-A9B3-90526DC345C3}.Release|Any CPU.ActiveCfg = Release|Any CPU
		{EDF703CC-07F4-47A0-A9B3-90526DC345C3}.Release|Any CPU.Build.0 = Release|Any CPU
	EndGlobalSection
	GlobalSection(SolutionProperties) = preSolution
		HideSolutionNode = FALSE
	EndGlobalSection
	GlobalSection(ExtensibilityGlobals) = postSolution
		SolutionGuid = {E1996504-2DE4-49AB-8C93-F47CE98134DD}
	EndGlobalSection
EndGlobal
