
Microsoft Visual Studio Solution File, Format Version 12.00
# Visual Studio Version 16
VisualStudioVersion = 16.0.31105.61
MinimumVisualStudioVersion = 10.0.40219.1
Project("{FAE04EC0-301F-11D3-BF4B-00C04F79EFBC}") = "AnonymousMethods", "AnonymousMethods\AnonymousMethods.csproj", "{62690C0B-2792-4998-9F05-864BA8F76377}"
EndProject
Project("{FAE04EC0-301F-11D3-BF4B-00C04F79EFBC}") = "AdvancedLinq", "AdvancedLinq\AdvancedLinq.csproj", "{93F64ADC-7CDC-455C-9F28-CFF09BEDEAFA}"
EndProject
Global
	GlobalSection(SolutionConfigurationPlatforms) = preSolution
		Debug|Any CPU = Debug|Any CPU
		Release|Any CPU = Release|Any CPU
	EndGlobalSection
	GlobalSection(ProjectConfigurationPlatforms) = postSolution
		{62690C0B-2792-4998-9F05-864BA8F76377}.Debug|Any CPU.ActiveCfg = Debug|Any CPU
		{62690C0B-2792-4998-9F05-864BA8F76377}.Debug|Any CPU.Build.0 = Debug|Any CPU
		{62690C0B-2792-4998-9F05-864BA8F76377}.Release|Any CPU.ActiveCfg = Release|Any CPU
		{62690C0B-2792-4998-9F05-864BA8F76377}.Release|Any CPU.Build.0 = Release|Any CPU
		{93F64ADC-7CDC-455C-9F28-CFF09BEDEAFA}.Debug|Any CPU.ActiveCfg = Debug|Any CPU
		{93F64ADC-7CDC-455C-9F28-CFF09BEDEAFA}.Debug|Any CPU.Build.0 = Debug|Any CPU
		{93F64ADC-7CDC-455C-9F28-CFF09BEDEAFA}.Release|Any CPU.ActiveCfg = Release|Any CPU
		{93F64ADC-7CDC-455C-9F28-CFF09BEDEAFA}.Release|Any CPU.Build.0 = Release|Any CPU
	EndGlobalSection
	GlobalSection(SolutionProperties) = preSolution
		HideSolutionNode = FALSE
	EndGlobalSection
	GlobalSection(ExtensibilityGlobals) = postSolution
		SolutionGuid = {CB6088CA-CB37-4EBB-927E-3F92A8D457FE}
	EndGlobalSection
EndGlobal
