
Microsoft Visual Studio Solution File, Format Version 12.00
# Visual Studio Version 17
VisualStudioVersion = 17.1.32328.378
MinimumVisualStudioVersion = 10.0.40219.1
Project("{FAE04EC0-301F-11D3-BF4B-00C04F79EFBC}") = "FileManager", "FileManager.csproj", "{E7316705-3DA8-47B7-A00D-7C8B103766B4}"
EndProject
Project("{FAE04EC0-301F-11D3-BF4B-00C04F79EFBC}") = "ExtChanger", "..\ExtChanger\ExtChanger.csproj", "{E22E7FCB-CAE3-46A5-8B48-2FBFE3E466CD}"
EndProject
Project("{FAE04EC0-301F-11D3-BF4B-00C04F79EFBC}") = "Streamer", "..\Streamer\Streamer.csproj", "{46517DDB-8594-447B-A391-883CE449AA01}"
EndProject
Global
	GlobalSection(SolutionConfigurationPlatforms) = preSolution
		Debug|Any CPU = Debug|Any CPU
		Release|Any CPU = Release|Any CPU
	EndGlobalSection
	GlobalSection(ProjectConfigurationPlatforms) = postSolution
		{E7316705-3DA8-47B7-A00D-7C8B103766B4}.Debug|Any CPU.ActiveCfg = Debug|Any CPU
		{E7316705-3DA8-47B7-A00D-7C8B103766B4}.Debug|Any CPU.Build.0 = Debug|Any CPU
		{E7316705-3DA8-47B7-A00D-7C8B103766B4}.Release|Any CPU.ActiveCfg = Release|Any CPU
		{E7316705-3DA8-47B7-A00D-7C8B103766B4}.Release|Any CPU.Build.0 = Release|Any CPU
		{E22E7FCB-CAE3-46A5-8B48-2FBFE3E466CD}.Debug|Any CPU.ActiveCfg = Debug|Any CPU
		{E22E7FCB-CAE3-46A5-8B48-2FBFE3E466CD}.Debug|Any CPU.Build.0 = Debug|Any CPU
		{E22E7FCB-CAE3-46A5-8B48-2FBFE3E466CD}.Release|Any CPU.ActiveCfg = Release|Any CPU
		{E22E7FCB-CAE3-46A5-8B48-2FBFE3E466CD}.Release|Any CPU.Build.0 = Release|Any CPU
		{46517DDB-8594-447B-A391-883CE449AA01}.Debug|Any CPU.ActiveCfg = Debug|Any CPU
		{46517DDB-8594-447B-A391-883CE449AA01}.Debug|Any CPU.Build.0 = Debug|Any CPU
		{46517DDB-8594-447B-A391-883CE449AA01}.Release|Any CPU.ActiveCfg = Release|Any CPU
		{46517DDB-8594-447B-A391-883CE449AA01}.Release|Any CPU.Build.0 = Release|Any CPU
	EndGlobalSection
	GlobalSection(SolutionProperties) = preSolution
		HideSolutionNode = FALSE
	EndGlobalSection
	GlobalSection(ExtensibilityGlobals) = postSolution
		SolutionGuid = {9350FDEF-965C-4D53-83A0-A763817F639F}
	EndGlobalSection
EndGlobal
