
Microsoft Visual Studio Solution File, Format Version 12.00
# Visual Studio Version 16
VisualStudioVersion = 16.0.31105.61
MinimumVisualStudioVersion = 10.0.40219.1
Project("{FAE04EC0-301F-11D3-BF4B-00C04F79EFBC}") = "ObjectLifecycle", "ObjectLifecycle\ObjectLifecycle.csproj", "{8062B57E-81A6-4305-8C96-69A407F2DE38}"
EndProject
Project("{FAE04EC0-301F-11D3-BF4B-00C04F79EFBC}") = "Disposing", "Disposing\Disposing.csproj", "{C2E54223-78DF-4E61-B34B-994D2E4C86C5}"
EndProject
Project("{FAE04EC0-301F-11D3-BF4B-00C04F79EFBC}") = "NullableTypes", "NullableTypes\NullableTypes.csproj", "{27772504-6F45-4C94-A485-8FA7C0742D43}"
EndProject
Global
	GlobalSection(SolutionConfigurationPlatforms) = preSolution
		Debug|Any CPU = Debug|Any CPU
		Release|Any CPU = Release|Any CPU
	EndGlobalSection
	GlobalSection(ProjectConfigurationPlatforms) = postSolution
		{8062B57E-81A6-4305-8C96-69A407F2DE38}.Debug|Any CPU.ActiveCfg = Debug|Any CPU
		{8062B57E-81A6-4305-8C96-69A407F2DE38}.Debug|Any CPU.Build.0 = Debug|Any CPU
		{8062B57E-81A6-4305-8C96-69A407F2DE38}.Release|Any CPU.ActiveCfg = Release|Any CPU
		{8062B57E-81A6-4305-8C96-69A407F2DE38}.Release|Any CPU.Build.0 = Release|Any CPU
		{C2E54223-78DF-4E61-B34B-994D2E4C86C5}.Debug|Any CPU.ActiveCfg = Debug|Any CPU
		{C2E54223-78DF-4E61-B34B-994D2E4C86C5}.Debug|Any CPU.Build.0 = Debug|Any CPU
		{C2E54223-78DF-4E61-B34B-994D2E4C86C5}.Release|Any CPU.ActiveCfg = Release|Any CPU
		{C2E54223-78DF-4E61-B34B-994D2E4C86C5}.Release|Any CPU.Build.0 = Release|Any CPU
		{27772504-6F45-4C94-A485-8FA7C0742D43}.Debug|Any CPU.ActiveCfg = Debug|Any CPU
		{27772504-6F45-4C94-A485-8FA7C0742D43}.Debug|Any CPU.Build.0 = Debug|Any CPU
		{27772504-6F45-4C94-A485-8FA7C0742D43}.Release|Any CPU.ActiveCfg = Release|Any CPU
		{27772504-6F45-4C94-A485-8FA7C0742D43}.Release|Any CPU.Build.0 = Release|Any CPU
	EndGlobalSection
	GlobalSection(SolutionProperties) = preSolution
		HideSolutionNode = FALSE
	EndGlobalSection
	GlobalSection(ExtensibilityGlobals) = postSolution
		SolutionGuid = {D0C8458E-7AE0-4EAC-B8F8-448B9F69F623}
	EndGlobalSection
EndGlobal
