
Microsoft Visual Studio Solution File, Format Version 12.00
# Visual Studio Version 17
VisualStudioVersion = 17.1.32328.378
MinimumVisualStudioVersion = 10.0.40219.1
Project("{9A19103F-16F7-4668-BE54-9A1E7A4F7556}") = "GoThroughExample", "GoThroughExample\GoThroughExample.csproj", "{4B46191C-61D7-4381-8A3D-48A163D9BF67}"
EndProject
Project("{FAE04EC0-301F-11D3-BF4B-00C04F79EFBC}") = "GenericDatabase", "GenericDatabase\GenericDatabase.csproj", "{7622CAC0-8A8E-4F5B-AE19-D15DE1F236A7}"
EndProject
Project("{FAE04EC0-301F-11D3-BF4B-00C04F79EFBC}") = "StringHelper", "StringHelper\StringHelper.csproj", "{5FD9F811-6CF0-40F2-9DD4-968C5E685E31}"
EndProject
Global
	GlobalSection(SolutionConfigurationPlatforms) = preSolution
		Debug|Any CPU = Debug|Any CPU
		Release|Any CPU = Release|Any CPU
	EndGlobalSection
	GlobalSection(ProjectConfigurationPlatforms) = postSolution
		{4B46191C-61D7-4381-8A3D-48A163D9BF67}.Debug|Any CPU.ActiveCfg = Debug|Any CPU
		{4B46191C-61D7-4381-8A3D-48A163D9BF67}.Debug|Any CPU.Build.0 = Debug|Any CPU
		{4B46191C-61D7-4381-8A3D-48A163D9BF67}.Release|Any CPU.ActiveCfg = Release|Any CPU
		{4B46191C-61D7-4381-8A3D-48A163D9BF67}.Release|Any CPU.Build.0 = Release|Any CPU
		{7622CAC0-8A8E-4F5B-AE19-D15DE1F236A7}.Debug|Any CPU.ActiveCfg = Debug|Any CPU
		{7622CAC0-8A8E-4F5B-AE19-D15DE1F236A7}.Debug|Any CPU.Build.0 = Debug|Any CPU
		{7622CAC0-8A8E-4F5B-AE19-D15DE1F236A7}.Release|Any CPU.ActiveCfg = Release|Any CPU
		{7622CAC0-8A8E-4F5B-AE19-D15DE1F236A7}.Release|Any CPU.Build.0 = Release|Any CPU
		{5FD9F811-6CF0-40F2-9DD4-968C5E685E31}.Debug|Any CPU.ActiveCfg = Debug|Any CPU
		{5FD9F811-6CF0-40F2-9DD4-968C5E685E31}.Debug|Any CPU.Build.0 = Debug|Any CPU
		{5FD9F811-6CF0-40F2-9DD4-968C5E685E31}.Release|Any CPU.ActiveCfg = Release|Any CPU
		{5FD9F811-6CF0-40F2-9DD4-968C5E685E31}.Release|Any CPU.Build.0 = Release|Any CPU
	EndGlobalSection
	GlobalSection(SolutionProperties) = preSolution
		HideSolutionNode = FALSE
	EndGlobalSection
	GlobalSection(ExtensibilityGlobals) = postSolution
		SolutionGuid = {E5618F3C-61A7-452C-8A94-4C7B7B6F7C3E}
	EndGlobalSection
EndGlobal
