
Microsoft Visual Studio Solution File, Format Version 12.00
# Visual Studio Version 17
VisualStudioVersion = 17.1.32328.378
MinimumVisualStudioVersion = 10.0.40219.1
Project("{9A19103F-16F7-4668-BE54-9A1E7A4F7556}") = "RetroExercise", "RetroExercise\RetroExercise.csproj", "{3E638986-D52B-47F8-8C05-1DF54E6D83B1}"
EndProject
Project("{FAE04EC0-301F-11D3-BF4B-00C04F79EFBC}") = "Generics", "Generics\Generics.csproj", "{1866E87B-A974-4F2B-B9C7-F7332EF2D1DF}"
EndProject
Project("{FAE04EC0-301F-11D3-BF4B-00C04F79EFBC}") = "ExtensionMethods", "ExtensionMethods\ExtensionMethods.csproj", "{D2D9A044-24C0-4DF2-84A8-AC3DC64B46A3}"
EndProject
Global
	GlobalSection(SolutionConfigurationPlatforms) = preSolution
		Debug|Any CPU = Debug|Any CPU
		Release|Any CPU = Release|Any CPU
	EndGlobalSection
	GlobalSection(ProjectConfigurationPlatforms) = postSolution
		{3E638986-D52B-47F8-8C05-1DF54E6D83B1}.Debug|Any CPU.ActiveCfg = Debug|Any CPU
		{3E638986-D52B-47F8-8C05-1DF54E6D83B1}.Debug|Any CPU.Build.0 = Debug|Any CPU
		{3E638986-D52B-47F8-8C05-1DF54E6D83B1}.Release|Any CPU.ActiveCfg = Release|Any CPU
		{3E638986-D52B-47F8-8C05-1DF54E6D83B1}.Release|Any CPU.Build.0 = Release|Any CPU
		{1866E87B-A974-4F2B-B9C7-F7332EF2D1DF}.Debug|Any CPU.ActiveCfg = Debug|Any CPU
		{1866E87B-A974-4F2B-B9C7-F7332EF2D1DF}.Debug|Any CPU.Build.0 = Debug|Any CPU
		{1866E87B-A974-4F2B-B9C7-F7332EF2D1DF}.Release|Any CPU.ActiveCfg = Release|Any CPU
		{1866E87B-A974-4F2B-B9C7-F7332EF2D1DF}.Release|Any CPU.Build.0 = Release|Any CPU
		{D2D9A044-24C0-4DF2-84A8-AC3DC64B46A3}.Debug|Any CPU.ActiveCfg = Debug|Any CPU
		{D2D9A044-24C0-4DF2-84A8-AC3DC64B46A3}.Debug|Any CPU.Build.0 = Debug|Any CPU
		{D2D9A044-24C0-4DF2-84A8-AC3DC64B46A3}.Release|Any CPU.ActiveCfg = Release|Any CPU
		{D2D9A044-24C0-4DF2-84A8-AC3DC64B46A3}.Release|Any CPU.Build.0 = Release|Any CPU
	EndGlobalSection
	GlobalSection(SolutionProperties) = preSolution
		HideSolutionNode = FALSE
	EndGlobalSection
	GlobalSection(ExtensibilityGlobals) = postSolution
		SolutionGuid = {428207BA-DB17-413F-8363-9EF50825E9B4}
	EndGlobalSection
EndGlobal
