
Microsoft Visual Studio Solution File, Format Version 12.00
# Visual Studio Version 17
VisualStudioVersion = 17.1.32328.378
MinimumVisualStudioVersion = 10.0.40219.1
Project("{FAE04EC0-301F-11D3-BF4B-00C04F79EFBC}") = "CSharpAdvanced-G2-L2-StaticClassesAndPolymorphism", "CSharpAdvanced-G2-L2-StaticClassesAndPolymorphism\CSharpAdvanced-G2-L2-StaticClassesAndPolymorphism.csproj", "{071DC995-B0BB-4542-AA0A-798401EDDA2C}"
EndProject
Project("{FAE04EC0-301F-11D3-BF4B-00C04F79EFBC}") = "CSharpAdvanced-G2-L2-StaticClasses-EX1", "CSharpAdvanced-G2-L2-StaticClasses-EX1\CSharpAdvanced-G2-L2-StaticClasses-EX1.csproj", "{8A6DC8D8-4282-4624-BB54-175DF55B0BFF}"
EndProject
Project("{FAE04EC0-301F-11D3-BF4B-00C04F79EFBC}") = "CSharpAdvanced-G2-L2-Polymorphism", "CSharpAdvanced-G2-L2-Polymorphism\CSharpAdvanced-G2-L2-Polymorphism.csproj", "{F5B716A6-61ED-489B-955A-1142F37DCFE0}"
EndProject
Global
	GlobalSection(SolutionConfigurationPlatforms) = preSolution
		Debug|Any CPU = Debug|Any CPU
		Release|Any CPU = Release|Any CPU
	EndGlobalSection
	GlobalSection(ProjectConfigurationPlatforms) = postSolution
		{071DC995-B0BB-4542-AA0A-798401EDDA2C}.Debug|Any CPU.ActiveCfg = Debug|Any CPU
		{071DC995-B0BB-4542-AA0A-798401EDDA2C}.Debug|Any CPU.Build.0 = Debug|Any CPU
		{071DC995-B0BB-4542-AA0A-798401EDDA2C}.Release|Any CPU.ActiveCfg = Release|Any CPU
		{071DC995-B0BB-4542-AA0A-798401EDDA2C}.Release|Any CPU.Build.0 = Release|Any CPU
		{8A6DC8D8-4282-4624-BB54-175DF55B0BFF}.Debug|Any CPU.ActiveCfg = Debug|Any CPU
		{8A6DC8D8-4282-4624-BB54-175DF55B0BFF}.Debug|Any CPU.Build.0 = Debug|Any CPU
		{8A6DC8D8-4282-4624-BB54-175DF55B0BFF}.Release|Any CPU.ActiveCfg = Release|Any CPU
		{8A6DC8D8-4282-4624-BB54-175DF55B0BFF}.Release|Any CPU.Build.0 = Release|Any CPU
		{F5B716A6-61ED-489B-955A-1142F37DCFE0}.Debug|Any CPU.ActiveCfg = Debug|Any CPU
		{F5B716A6-61ED-489B-955A-1142F37DCFE0}.Debug|Any CPU.Build.0 = Debug|Any CPU
		{F5B716A6-61ED-489B-955A-1142F37DCFE0}.Release|Any CPU.ActiveCfg = Release|Any CPU
		{F5B716A6-61ED-489B-955A-1142F37DCFE0}.Release|Any CPU.Build.0 = Release|Any CPU
	EndGlobalSection
	GlobalSection(SolutionProperties) = preSolution
		HideSolutionNode = FALSE
	EndGlobalSection
	GlobalSection(ExtensibilityGlobals) = postSolution
		SolutionGuid = {64235535-EF85-4A81-A9A6-50338113F37D}
	EndGlobalSection
EndGlobal
